schema: '2.0'
stages:
  preprocess:
    cmd: python src/data/preprocess.py
    deps:
    - path: configs/data.yaml
      hash: md5
      md5: 1b165016bae259c41894c4ce6a0661ff
      size: 197
    - path: data/raw/stroke_dataset.csv
      hash: md5
      md5: cd1e273722909fe70ab351966c10a639
      size: 8133
    - path: src/data/preprocess.py
      hash: md5
      md5: 87ff18304856efc0e0f49b7f59a21b9b
      size: 3680
    outs:
    - path: data/processed/X_test.npy
      hash: md5
      md5: 6445bd644193f9a2ce5c7af851e949cc
      size: 4288
    - path: data/processed/X_train.npy
      hash: md5
      md5: 9ce8d7900dd6d57b18de08e07728b35d
      size: 16128
    - path: data/processed/dataset_meta.json
      hash: md5
      md5: 348610b7837b425bf304de2324a8f903
      size: 334
    - path: data/processed/y_test.npy
      hash: md5
      md5: 4980048df707ecfeac23c7449ddbb440
      size: 336
    - path: data/processed/y_train.npy
      hash: md5
      md5: a7aaeaf59086170f595e28886f33d3f4
      size: 928
    - path: models/preprocessor.joblib
      hash: md5
      md5: 7b9b689401a9d16ef8172bd7b34547cf
      size: 4711
  train:
    cmd: python src/models/train.py
    deps:
    - path: configs/model.yaml
      hash: md5
      md5: b03492afd9d4580343f79f8b27e1a2d5
      size: 200
    - path: data/processed/X_test.npy
      hash: md5
      md5: 6445bd644193f9a2ce5c7af851e949cc
      size: 4288
    - path: data/processed/X_train.npy
      hash: md5
      md5: 9ce8d7900dd6d57b18de08e07728b35d
      size: 16128
    - path: data/processed/y_test.npy
      hash: md5
      md5: 4980048df707ecfeac23c7449ddbb440
      size: 336
    - path: data/processed/y_train.npy
      hash: md5
      md5: a7aaeaf59086170f595e28886f33d3f4
      size: 928
    - path: src/models/train.py
      hash: md5
      md5: 842ec3c6dbd7375a08631dc6bfa5cd1f
      size: 2274
    outs:
    - path: metrics.json
      hash: md5
      md5: 118a705905c32e70a146601f0ef4545e
      size: 163
    - path: models/model.pkl
      hash: md5
      md5: ede7624dcf05f0a95116c7905ccc46dd
      size: 565097
    - path: reports/classification_report.json
      hash: md5
      md5: cb6924f46ca1825b1f987a326fb9a995
      size: 631
  download:
    cmd: python src/data/load.py
    deps:
    - path: configs/data.yaml
      hash: md5
      md5: 1b165016bae259c41894c4ce6a0661ff
      size: 197
    - path: src/data/load.py
      hash: md5
      md5: 35c222676a36ba645ee6b21c123162f9
      size: 1242
    outs:
    - path: data/raw/stroke_dataset.csv
      hash: md5
      md5: cd1e273722909fe70ab351966c10a639
      size: 8133
